{
  "name": "MatriSamman",
  "lockfileVersion": 3,
  "requires": true,
  "packages": {
    "": {
      "dependencies": {
        "@tabler/icons-react": "^3.34.1",
        "swiper": "^11.2.10"
      }
    },
    "node_modules/@tabler/icons": {
      "version": "3.34.1",
      "resolved": "https://registry.npmjs.org/@tabler/icons/-/icons-3.34.1.tgz",
      "integrity": "sha512-9gTnUvd7Fd/DmQgr3MKY+oJLa1RfNsQo8c/ir3TJAWghOuZXodbtbVp0QBY2DxWuuvrSZFys0HEbv1CoiI5y6A==",
      "license": "MIT",
      "funding": {
        "type": "github",
        "url": "https://github.com/sponsors/codecalm"
      }
    },
    "node_modules/@tabler/icons-react": {
      "version": "3.34.1",
      "resolved": "https://registry.npmjs.org/@tabler/icons-react/-/icons-react-3.34.1.tgz",
      "integrity": "sha512-Ld6g0NqOO05kyyHsfU8h787PdHBm7cFmOycQSIrGp45XcXYDuOK2Bs0VC4T2FWSKZ6bx5g04imfzazf/nqtk1A==",
      "license": "MIT",
      "dependencies": {
        "@tabler/icons": "3.34.1"
      },
      "funding": {
        "type": "github",
        "url": "https://github.com/sponsors/codecalm"
      },
      "peerDependencies": {
        "react": ">= 16"
      }
    },
    "node_modules/react": {
      "version": "19.1.1",
      "resolved": "https://registry.npmjs.org/react/-/react-19.1.1.tgz",
      "integrity": "sha512-w8nqGImo45dmMIfljjMwOGtbmC/mk4CMYhWIicdSflH91J9TyCyczcPFXJzrZ/ZXcgGRFeP6BU0BEJTw6tZdfQ==",
      "license": "MIT",
      "peer": true,
      "engines": {
        "node": ">=0.10.0"
      }
    },
    "node_modules/swiper": {
      "version": "11.2.10",
      "resolved": "https://registry.npmjs.org/swiper/-/swiper-11.2.10.tgz",
      "integrity": "sha512-RMeVUUjTQH+6N3ckimK93oxz6Sn5la4aDlgPzB+rBrG/smPdCTicXyhxa+woIpopz+jewEloiEE3lKo1h9w2YQ==",
      "funding": [
        {
          "type": "patreon",
          "url": "https://www.patreon.com/swiperjs"
        },
        {
          "type": "open_collective",
          "url": "http://opencollective.com/swiper"
        }
      ],
      "license": "MIT",
      "engines": {
        "node": ">= 4.7.0"
      }
    }
  }
}
